<?xml version="1.0" encoding="UTF-8"?>
<!DOCTYPE plist PUBLIC "-//Apple//DTD PLIST 1.0//EN" "http://www.apple.com/DTDs/PropertyList-1.0.dtd">
<plist version="1.0">
<dict>
	<key>archiveVersion</key>
	<string>1</string>
	<key>classes</key>
	<dict/>
	<key>objectVersion</key>
	<string>46</string>
	<key>objects</key>
	<dict>
		<key>1D3332E9857A4639BEA074DC</key>
		<dict>
			<key>includeInIndex</key>
			<string>1</string>
			<key>isa</key>
			<string>PBXFileReference</string>
			<key>lastKnownFileType</key>
			<string>text.xcconfig</string>
			<key>name</key>
			<string>Pods.xcconfig</string>
			<key>path</key>
			<string>Pods/Pods.xcconfig</string>
			<key>sourceTree</key>
			<string>SOURCE_ROOT</string>
		</dict>
		<key>6158A48B9C0441CF97244329</key>
		<dict>
			<key>buildActionMask</key>
			<string>2147483647</string>
			<key>files</key>
			<array/>
			<key>inputPaths</key>
			<array/>
			<key>isa</key>
			<string>PBXShellScriptBuildPhase</string>
			<key>name</key>
			<string>Copy Pods Resources</string>
			<key>outputPaths</key>
			<array/>
			<key>runOnlyForDeploymentPostprocessing</key>
			<string>0</string>
			<key>shellPath</key>
			<string>/bin/sh</string>
			<key>shellScript</key>
			<string>"${SRCROOT}/Pods/Pods-resources.sh"
</string>
			<key>showEnvVarsInLog</key>
			<string>1</string>
		</dict>
		<key>9D00C2BE174CE7E0000117B1</key>
		<dict>
			<key>children</key>
			<array>
				<string>9D00C2D0174CE7E0000117B1</string>
				<string>9D00C2C9174CE7E0000117B1</string>
				<string>9D00C2C8174CE7E0000117B1</string>
				<string>1D3332E9857A4639BEA074DC</string>
			</array>
			<key>isa</key>
			<string>PBXGroup</string>
			<key>sourceTree</key>
			<string>&lt;group&gt;</string>
		</dict>
		<key>9D00C2BF174CE7E0000117B1</key>
		<dict>
			<key>attributes</key>
			<dict>
				<key>CLASSPREFIX</key>
				<string>RG</string>
				<key>LastUpgradeCheck</key>
				<string>0460</string>
				<key>ORGANIZATIONNAME</key>
				<string>Ricki Gregersen</string>
			</dict>
			<key>buildConfigurationList</key>
			<string>9D00C2C2174CE7E0000117B1</string>
			<key>compatibilityVersion</key>
			<string>Xcode 3.2</string>
			<key>developmentRegion</key>
			<string>English</string>
			<key>hasScannedForEncodings</key>
			<string>0</string>
			<key>isa</key>
			<string>PBXProject</string>
			<key>knownRegions</key>
			<array>
				<string>en</string>
			</array>
			<key>mainGroup</key>
			<string>9D00C2BE174CE7E0000117B1</string>
			<key>productRefGroup</key>
			<string>9D00C2C8174CE7E0000117B1</string>
			<key>projectDirPath</key>
			<string></string>
			<key>projectReferences</key>
			<array/>
			<key>projectRoot</key>
			<string></string>
			<key>targets</key>
			<array>
				<string>9D00C2C6174CE7E0000117B1</string>
			</array>
		</dict>
		<key>9D00C2C2174CE7E0000117B1</key>
		<dict>
			<key>buildConfigurations</key>
			<array>
				<string>9D00C2E8174CE7E0000117B1</string>
				<string>9D00C2E9174CE7E0000117B1</string>
			</array>
			<key>defaultConfigurationIsVisible</key>
			<string>0</string>
			<key>defaultConfigurationName</key>
			<string>Release</string>
			<key>isa</key>
			<string>XCConfigurationList</string>
		</dict>
		<key>9D00C2C3174CE7E0000117B1</key>
		<dict>
			<key>buildActionMask</key>
			<string>2147483647</string>
			<key>files</key>
			<array>
				<string>9D00C2D7174CE7E0000117B1</string>
				<string>9D00C2DB174CE7E0000117B1</string>
				<string>9D00C2E7174CE7E0000117B1</string>
			</array>
			<key>isa</key>
			<string>PBXSourcesBuildPhase</string>
			<key>runOnlyForDeploymentPostprocessing</key>
			<string>0</string>
		</dict>
		<key>9D00C2C4174CE7E0000117B1</key>
		<dict>
			<key>buildActionMask</key>
			<string>2147483647</string>
			<key>files</key>
			<array>
				<string>9D00C2CB174CE7E0000117B1</string>
				<string>9D00C2CD174CE7E0000117B1</string>
				<string>9D00C2CF174CE7E0000117B1</string>
				<string>DA95B3552BCB479E9E8ABC80</string>
			</array>
			<key>isa</key>
			<string>PBXFrameworksBuildPhase</string>
			<key>runOnlyForDeploymentPostprocessing</key>
			<string>0</string>
		</dict>
		<key>9D00C2C5174CE7E0000117B1</key>
		<dict>
			<key>buildActionMask</key>
			<string>2147483647</string>
			<key>files</key>
			<array>
				<string>9D00C2D5174CE7E0000117B1</string>
				<string>9D00C2DD174CE7E0000117B1</string>
				<string>9D00C2DF174CE7E0000117B1</string>
				<string>9D00C2E1174CE7E0000117B1</string>
				<string>9D00C2E4174CE7E0000117B1</string>
			</array>
			<key>isa</key>
			<string>PBXResourcesBuildPhase</string>
			<key>runOnlyForDeploymentPostprocessing</key>
			<string>0</string>
		</dict>
		<key>9D00C2C6174CE7E0000117B1</key>
		<dict>
			<key>buildConfigurationList</key>
			<string>9D00C2EA174CE7E0000117B1</string>
			<key>buildPhases</key>
			<array>
				<string>DEA9756E4C3E4168A59B5D47</string>
				<string>9D00C2C3174CE7E0000117B1</string>
				<string>9D00C2C4174CE7E0000117B1</string>
				<string>9D00C2C5174CE7E0000117B1</string>
				<string>6158A48B9C0441CF97244329</string>
			</array>
			<key>buildRules</key>
			<array/>
			<key>dependencies</key>
			<array/>
			<key>isa</key>
			<string>PBXNativeTarget</string>
			<key>name</key>
			<string>RGContainmentViewController</string>
			<key>productName</key>
			<string>RGContainmentViewController</string>
			<key>productReference</key>
			<string>9D00C2C7174CE7E0000117B1</string>
			<key>productType</key>
			<string>com.apple.product-type.application</string>
		</dict>
		<key>9D00C2C7174CE7E0000117B1</key>
		<dict>
			<key>explicitFileType</key>
			<string>wrapper.application</string>
			<key>includeInIndex</key>
			<string>0</string>
			<key>isa</key>
			<string>PBXFileReference</string>
			<key>path</key>
			<string>RGContainmentViewController.app</string>
			<key>sourceTree</key>
			<string>BUILT_PRODUCTS_DIR</string>
		</dict>
		<key>9D00C2C8174CE7E0000117B1</key>
		<dict>
			<key>children</key>
			<array>
				<string>9D00C2C7174CE7E0000117B1</string>
			</array>
			<key>isa</key>
			<string>PBXGroup</string>
			<key>name</key>
			<string>Products</string>
			<key>sourceTree</key>
			<string>&lt;group&gt;</string>
		</dict>
		<key>9D00C2C9174CE7E0000117B1</key>
		<dict>
			<key>children</key>
			<array>
				<string>9D00C2CA174CE7E0000117B1</string>
				<string>9D00C2CC174CE7E0000117B1</string>
				<string>9D00C2CE174CE7E0000117B1</string>
				<string>CD65D848735844A8978766E2</string>
			</array>
			<key>isa</key>
			<string>PBXGroup</string>
			<key>name</key>
			<string>Frameworks</string>
			<key>sourceTree</key>
			<string>&lt;group&gt;</string>
		</dict>
		<key>9D00C2CA174CE7E0000117B1</key>
		<dict>
			<key>isa</key>
			<string>PBXFileReference</string>
			<key>lastKnownFileType</key>
			<string>wrapper.framework</string>
			<key>name</key>
			<string>UIKit.framework</string>
			<key>path</key>
			<string>System/Library/Frameworks/UIKit.framework</string>
			<key>sourceTree</key>
			<string>SDKROOT</string>
		</dict>
		<key>9D00C2CB174CE7E0000117B1</key>
		<dict>
			<key>fileRef</key>
			<string>9D00C2CA174CE7E0000117B1</string>
			<key>isa</key>
			<string>PBXBuildFile</string>
		</dict>
		<key>9D00C2CC174CE7E0000117B1</key>
		<dict>
			<key>isa</key>
			<string>PBXFileReference</string>
			<key>lastKnownFileType</key>
			<string>wrapper.framework</string>
			<key>name</key>
			<string>Foundation.framework</string>
			<key>path</key>
			<string>System/Library/Frameworks/Foundation.framework</string>
			<key>sourceTree</key>
			<string>SDKROOT</string>
		</dict>
		<key>9D00C2CD174CE7E0000117B1</key>
		<dict>
			<key>fileRef</key>
			<string>9D00C2CC174CE7E0000117B1</string>
			<key>isa</key>
			<string>PBXBuildFile</string>
		</dict>
		<key>9D00C2CE174CE7E0000117B1</key>
		<dict>
			<key>isa</key>
			<string>PBXFileReference</string>
			<key>lastKnownFileType</key>
			<string>wrapper.framework</string>
			<key>name</key>
			<string>CoreGraphics.framework</string>
			<key>path</key>
			<string>System/Library/Frameworks/CoreGraphics.framework</string>
			<key>sourceTree</key>
			<string>SDKROOT</string>
		</dict>
		<key>9D00C2CF174CE7E0000117B1</key>
		<dict>
			<key>fileRef</key>
			<string>9D00C2CE174CE7E0000117B1</string>
			<key>isa</key>
			<string>PBXBuildFile</string>
		</dict>
		<key>9D00C2D0174CE7E0000117B1</key>
		<dict>
			<key>children</key>
			<array>
				<string>9D00C2D9174CE7E0000117B1</string>
				<string>9D00C2DA174CE7E0000117B1</string>
				<string>9D00C2E2174CE7E0000117B1</string>
				<string>9D00C2E5174CE7E0000117B1</string>
				<string>9D00C2E6174CE7E0000117B1</string>
				<string>9D00C2D1174CE7E0000117B1</string>
			</array>
			<key>isa</key>
			<string>PBXGroup</string>
			<key>path</key>
			<string>RGContainmentViewController</string>
			<key>sourceTree</key>
			<string>&lt;group&gt;</string>
		</dict>
		<key>9D00C2D1174CE7E0000117B1</key>
		<dict>
			<key>children</key>
			<array>
				<string>9D00C2D2174CE7E0000117B1</string>
				<string>9D00C2D3174CE7E0000117B1</string>
				<string>9D00C2D6174CE7E0000117B1</string>
				<string>9D00C2D8174CE7E0000117B1</string>
				<string>9D00C2DC174CE7E0000117B1</string>
				<string>9D00C2DE174CE7E0000117B1</string>
				<string>9D00C2E0174CE7E0000117B1</string>
			</array>
			<key>isa</key>
			<string>PBXGroup</string>
			<key>name</key>
			<string>Supporting Files</string>
			<key>sourceTree</key>
			<string>&lt;group&gt;</string>
		</dict>
		<key>9D00C2D2174CE7E0000117B1</key>
		<dict>
			<key>isa</key>
			<string>PBXFileReference</string>
			<key>lastKnownFileType</key>
			<string>text.plist.xml</string>
			<key>path</key>
			<string>RGContainmentViewController-Info.plist</string>
			<key>sourceTree</key>
			<string>&lt;group&gt;</string>
		</dict>
		<key>9D00C2D3174CE7E0000117B1</key>
		<dict>
			<key>children</key>
			<array>
				<string>9D00C2D4174CE7E0000117B1</string>
			</array>
			<key>isa</key>
			<string>PBXVariantGroup</string>
			<key>name</key>
			<string>InfoPlist.strings</string>
			<key>sourceTree</key>
			<string>&lt;group&gt;</string>
		</dict>
		<key>9D00C2D4174CE7E0000117B1</key>
		<dict>
			<key>isa</key>
			<string>PBXFileReference</string>
			<key>lastKnownFileType</key>
			<string>text.plist.strings</string>
			<key>name</key>
			<string>en</string>
			<key>path</key>
			<string>en.lproj/InfoPlist.strings</string>
			<key>sourceTree</key>
			<string>&lt;group&gt;</string>
		</dict>
		<key>9D00C2D5174CE7E0000117B1</key>
		<dict>
			<key>fileRef</key>
			<string>9D00C2D3174CE7E0000117B1</string>
			<key>isa</key>
			<string>PBXBuildFile</string>
		</dict>
		<key>9D00C2D6174CE7E0000117B1</key>
		<dict>
			<key>isa</key>
			<string>PBXFileReference</string>
			<key>lastKnownFileType</key>
			<string>sourcecode.c.objc</string>
			<key>path</key>
			<string>main.m</string>
			<key>sourceTree</key>
			<string>&lt;group&gt;</string>
		</dict>
		<key>9D00C2D7174CE7E0000117B1</key>
		<dict>
			<key>fileRef</key>
			<string>9D00C2D6174CE7E0000117B1</string>
			<key>isa</key>
			<string>PBXBuildFile</string>
		</dict>
		<key>9D00C2D8174CE7E0000117B1</key>
		<dict>
			<key>isa</key>
			<string>PBXFileReference</string>
			<key>lastKnownFileType</key>
			<string>sourcecode.c.h</string>
			<key>path</key>
			<string>RGContainmentViewController-Prefix.pch</string>
			<key>sourceTree</key>
			<string>&lt;group&gt;</string>
		</dict>
		<key>9D00C2D9174CE7E0000117B1</key>
		<dict>
			<key>isa</key>
			<string>PBXFileReference</string>
			<key>lastKnownFileType</key>
			<string>sourcecode.c.h</string>
			<key>path</key>
			<string>RGAppDelegate.h</string>
			<key>sourceTree</key>
			<string>&lt;group&gt;</string>
		</dict>
		<key>9D00C2DA174CE7E0000117B1</key>
		<dict>
			<key>isa</key>
			<string>PBXFileReference</string>
			<key>lastKnownFileType</key>
			<string>sourcecode.c.objc</string>
			<key>path</key>
			<string>RGAppDelegate.m</string>
			<key>sourceTree</key>
			<string>&lt;group&gt;</string>
		</dict>
		<key>9D00C2DB174CE7E0000117B1</key>
		<dict>
			<key>fileRef</key>
			<string>9D00C2DA174CE7E0000117B1</string>
			<key>isa</key>
			<string>PBXBuildFile</string>
		</dict>
		<key>9D00C2DC174CE7E0000117B1</key>
		<dict>
			<key>isa</key>
			<string>PBXFileReference</string>
			<key>lastKnownFileType</key>
			<string>image.png</string>
			<key>path</key>
			<string>Default.png</string>
			<key>sourceTree</key>
			<string>&lt;group&gt;</string>
		</dict>
		<key>9D00C2DD174CE7E0000117B1</key>
		<dict>
			<key>fileRef</key>
			<string>9D00C2DC174CE7E0000117B1</string>
			<key>isa</key>
			<string>PBXBuildFile</string>
		</dict>
		<key>9D00C2DE174CE7E0000117B1</key>
		<dict>
			<key>isa</key>
			<string>PBXFileReference</string>
			<key>lastKnownFileType</key>
			<string>image.png</string>
			<key>path</key>
			<string>Default@2x.png</string>
			<key>sourceTree</key>
			<string>&lt;group&gt;</string>
		</dict>
		<key>9D00C2DF174CE7E0000117B1</key>
		<dict>
			<key>fileRef</key>
			<string>9D00C2DE174CE7E0000117B1</string>
			<key>isa</key>
			<string>PBXBuildFile</string>
		</dict>
		<key>9D00C2E0174CE7E0000117B1</key>
		<dict>
			<key>isa</key>
			<string>PBXFileReference</string>
			<key>lastKnownFileType</key>
			<string>image.png</string>
			<key>path</key>
			<string>Default-568h@2x.png</string>
			<key>sourceTree</key>
			<string>&lt;group&gt;</string>
		</dict>
		<key>9D00C2E1174CE7E0000117B1</key>
		<dict>
			<key>fileRef</key>
			<string>9D00C2E0174CE7E0000117B1</string>
			<key>isa</key>
			<string>PBXBuildFile</string>
		</dict>
		<key>9D00C2E2174CE7E0000117B1</key>
		<dict>
			<key>children</key>
			<array>
				<string>9D00C2E3174CE7E0000117B1</string>
			</array>
			<key>isa</key>
			<string>PBXVariantGroup</string>
			<key>name</key>
			<string>MainStoryboard.storyboard</string>
			<key>sourceTree</key>
			<string>&lt;group&gt;</string>
		</dict>
		<key>9D00C2E3174CE7E0000117B1</key>
		<dict>
			<key>isa</key>
			<string>PBXFileReference</string>
			<key>lastKnownFileType</key>
			<string>file.storyboard</string>
			<key>name</key>
			<string>en</string>
			<key>path</key>
			<string>en.lproj/MainStoryboard.storyboard</string>
			<key>sourceTree</key>
			<string>&lt;group&gt;</string>
		</dict>
		<key>9D00C2E4174CE7E0000117B1</key>
		<dict>
			<key>fileRef</key>
			<string>9D00C2E2174CE7E0000117B1</string>
			<key>isa</key>
			<string>PBXBuildFile</string>
		</dict>
		<key>9D00C2E5174CE7E0000117B1</key>
		<dict>
			<key>isa</key>
			<string>PBXFileReference</string>
			<key>lastKnownFileType</key>
			<string>sourcecode.c.h</string>
			<key>path</key>
			<string>RGViewController.h</string>
			<key>sourceTree</key>
			<string>&lt;group&gt;</string>
		</dict>
		<key>9D00C2E6174CE7E0000117B1</key>
		<dict>
			<key>isa</key>
			<string>PBXFileReference</string>
			<key>lastKnownFileType</key>
			<string>sourcecode.c.objc</string>
			<key>path</key>
			<string>RGViewController.m</string>
			<key>sourceTree</key>
			<string>&lt;group&gt;</string>
		</dict>
		<key>9D00C2E7174CE7E0000117B1</key>
		<dict>
			<key>fileRef</key>
			<string>9D00C2E6174CE7E0000117B1</string>
			<key>isa</key>
			<string>PBXBuildFile</string>
		</dict>
		<key>9D00C2E8174CE7E0000117B1</key>
		<dict>
			<key>buildSettings</key>
			<dict>
				<key>ALWAYS_SEARCH_USER_PATHS</key>
				<string>NO</string>
				<key>CLANG_CXX_LANGUAGE_STANDARD</key>
				<string>gnu++0x</string>
				<key>CLANG_CXX_LIBRARY</key>
				<string>libc++</string>
				<key>CLANG_ENABLE_OBJC_ARC</key>
				<string>YES</string>
				<key>CLANG_WARN_CONSTANT_CONVERSION</key>
				<string>YES</string>
				<key>CLANG_WARN_EMPTY_BODY</key>
				<string>YES</string>
				<key>CLANG_WARN_ENUM_CONVERSION</key>
				<string>YES</string>
				<key>CLANG_WARN_INT_CONVERSION</key>
				<string>YES</string>
				<key>CLANG_WARN__DUPLICATE_METHOD_MATCH</key>
				<string>YES</string>
				<key>CODE_SIGN_IDENTITY[sdk=iphoneos*]</key>
				<string>iPhone Developer</string>
				<key>COPY_PHASE_STRIP</key>
				<string>NO</string>
				<key>GCC_C_LANGUAGE_STANDARD</key>
				<string>gnu99</string>
				<key>GCC_DYNAMIC_NO_PIC</key>
				<string>NO</string>
				<key>GCC_OPTIMIZATION_LEVEL</key>
				<string>0</string>
				<key>GCC_PREPROCESSOR_DEFINITIONS</key>
				<array>
					<string>DEBUG=1</string>
					<string>$(inherited)</string>
				</array>
				<key>GCC_SYMBOLS_PRIVATE_EXTERN</key>
				<string>NO</string>
				<key>GCC_WARN_ABOUT_RETURN_TYPE</key>
				<string>YES</string>
				<key>GCC_WARN_UNINITIALIZED_AUTOS</key>
				<string>YES</string>
				<key>GCC_WARN_UNUSED_VARIABLE</key>
				<string>YES</string>
				<key>IPHONEOS_DEPLOYMENT_TARGET</key>
				<string>6.1</string>
				<key>ONLY_ACTIVE_ARCH</key>
				<string>YES</string>
				<key>SDKROOT</key>
				<string>iphoneos</string>
			</dict>
			<key>isa</key>
			<string>XCBuildConfiguration</string>
			<key>name</key>
			<string>Debug</string>
		</dict>
		<key>9D00C2E9174CE7E0000117B1</key>
		<dict>
			<key>buildSettings</key>
			<dict>
				<key>ALWAYS_SEARCH_USER_PATHS</key>
				<string>NO</string>
				<key>CLANG_CXX_LANGUAGE_STANDARD</key>
				<string>gnu++0x</string>
				<key>CLANG_CXX_LIBRARY</key>
				<string>libc++</string>
				<key>CLANG_ENABLE_OBJC_ARC</key>
				<string>YES</string>
				<key>CLANG_WARN_CONSTANT_CONVERSION</key>
				<string>YES</string>
				<key>CLANG_WARN_EMPTY_BODY</key>
				<string>YES</string>
				<key>CLANG_WARN_ENUM_CONVERSION</key>
				<string>YES</string>
				<key>CLANG_WARN_INT_CONVERSION</key>
				<string>YES</string>
				<key>CLANG_WARN__DUPLICATE_METHOD_MATCH</key>
				<string>YES</string>
				<key>CODE_SIGN_IDENTITY[sdk=iphoneos*]</key>
				<string>iPhone Developer</string>
				<key>COPY_PHASE_STRIP</key>
				<string>YES</string>
				<key>GCC_C_LANGUAGE_STANDARD</key>
				<string>gnu99</string>
				<key>GCC_WARN_ABOUT_RETURN_TYPE</key>
				<string>YES</string>
				<key>GCC_WARN_UNINITIALIZED_AUTOS</key>
				<string>YES</string>
				<key>GCC_WARN_UNUSED_VARIABLE</key>
				<string>YES</string>
				<key>IPHONEOS_DEPLOYMENT_TARGET</key>
				<string>6.1</string>
				<key>OTHER_CFLAGS</key>
				<string>-DNS_BLOCK_ASSERTIONS=1</string>
				<key>SDKROOT</key>
				<string>iphoneos</string>
				<key>VALIDATE_PRODUCT</key>
				<string>YES</string>
			</dict>
			<key>isa</key>
			<string>XCBuildConfiguration</string>
			<key>name</key>
			<string>Release</string>
		</dict>
		<key>9D00C2EA174CE7E0000117B1</key>
		<dict>
			<key>buildConfigurations</key>
			<array>
				<string>9D00C2EB174CE7E0000117B1</string>
				<string>9D00C2EC174CE7E0000117B1</string>
			</array>
			<key>defaultConfigurationIsVisible</key>
			<string>0</string>
			<key>isa</key>
			<string>XCConfigurationList</string>
		</dict>
		<key>9D00C2EB174CE7E0000117B1</key>
		<dict>
			<key>baseConfigurationReference</key>
			<string>1D3332E9857A4639BEA074DC</string>
			<key>buildSettings</key>
			<dict>
				<key>GCC_PRECOMPILE_PREFIX_HEADER</key>
				<string>YES</string>
				<key>GCC_PREFIX_HEADER</key>
				<string>RGContainmentViewController/RGContainmentViewController-Prefix.pch</string>
				<key>INFOPLIST_FILE</key>
				<string>RGContainmentViewController/RGContainmentViewController-Info.plist</string>
				<key>PRODUCT_NAME</key>
				<string>$(TARGET_NAME)</string>
				<key>WRAPPER_EXTENSION</key>
				<string>app</string>
			</dict>
			<key>isa</key>
			<string>XCBuildConfiguration</string>
			<key>name</key>
			<string>Debug</string>
		</dict>
		<key>9D00C2EC174CE7E0000117B1</key>
		<dict>
			<key>baseConfigurationReference</key>
			<string>1D3332E9857A4639BEA074DC</string>
			<key>buildSettings</key>
			<dict>
				<key>GCC_PRECOMPILE_PREFIX_HEADER</key>
				<string>YES</string>
				<key>GCC_PREFIX_HEADER</key>
				<string>RGContainmentViewController/RGContainmentViewController-Prefix.pch</string>
				<key>INFOPLIST_FILE</key>
				<string>RGContainmentViewController/RGContainmentViewController-Info.plist</string>
				<key>PRODUCT_NAME</key>
				<string>$(TARGET_NAME)</string>
				<key>WRAPPER_EXTENSION</key>
				<string>app</string>
			</dict>
			<key>isa</key>
			<string>XCBuildConfiguration</string>
			<key>name</key>
			<string>Release</string>
		</dict>
		<key>CD65D848735844A8978766E2</key>
		<dict>
			<key>explicitFileType</key>
			<string>archive.ar</string>
			<key>includeInIndex</key>
			<string>0</string>
			<key>isa</key>
			<string>PBXFileReference</string>
			<key>name</key>
			<string>libPods.a</string>
			<key>path</key>
			<string>libPods.a</string>
			<key>sourceTree</key>
			<string>BUILT_PRODUCTS_DIR</string>
		</dict>
		<key>DA95B3552BCB479E9E8ABC80</key>
		<dict>
			<key>fileRef</key>
			<string>CD65D848735844A8978766E2</string>
			<key>isa</key>
			<string>PBXBuildFile</string>
			<key>settings</key>
			<dict/>
		</dict>
		<key>DEA9756E4C3E4168A59B5D47</key>
		<dict>
			<key>buildActionMask</key>
			<string>2147483647</string>
			<key>files</key>
			<array/>
			<key>inputPaths</key>
			<array/>
			<key>isa</key>
			<string>PBXShellScriptBuildPhase</string>
			<key>name</key>
			<string>Check Pods Manifest.lock</string>
			<key>outputPaths</key>
			<array/>
			<key>runOnlyForDeploymentPostprocessing</key>
			<string>0</string>
			<key>shellPath</key>
			<string>/bin/sh</string>
			<key>shellScript</key>
			<string>diff "${PODS_ROOT}/../Podfile.lock" "${PODS_ROOT}/Manifest.lock" &gt; /dev/null
if [[ $? != 0 ]] ; then
    cat &lt;&lt; EOM
error: The sandbox is not in sync with the Podfile.lock. Run 'pod install' or update your CocoaPods installation.
EOM
    exit 1
fi
</string>
			<key>showEnvVarsInLog</key>
			<string>1</string>
		</dict>
	</dict>
	<key>rootObject</key>
	<string>9D00C2BF174CE7E0000117B1</string>
</dict>
</plist>
